{
    "name": "@nbfe/js2html",
    "version": "1.1.2",
    "lockfileVersion": 1,
    "requires": true,
    "dependencies": {
        "lodash": {
            "version": "4.17.15",
            "resolved": "https://registry.npmjs.org/lodash/-/lodash-4.17.15.tgz",
            "integrity": "sha512-8xOcRHvCjnocdS5cpwXQXVzmmh5e5+saE2QGoeQmbKmRS6J3VQppPOIt0MnmE+4xlZoumy0GPG0D0MVIQbNA1A==",
            "dev": true
        },
        "typescript": {
            "version": "3.9.3",
            "resolved": "https://registry.npmjs.org/typescript/-/typescript-3.9.3.tgz",
            "integrity": "sha512-D/wqnB2xzNFIcoBG9FG8cXRDjiqSTbG2wd8DMZeQyJlP1vfTkIxH4GKveWaEBYySKIg+USu+E+EDIR47SqnaMQ==",
            "dev": true
        }
    }
}
