{
    "name": "@nbfe/js2html",
    "version": "1.0.2",
    "lockfileVersion": 1,
    "requires": true,
    "dependencies": {
        "lodash": {
            "version": "4.17.15",
            "resolved": "https://registry.npmjs.org/lodash/-/lodash-4.17.15.tgz",
            "integrity": "sha512-8xOcRHvCjnocdS5cpwXQXVzmmh5e5+saE2QGoeQmbKmRS6J3VQppPOIt0MnmE+4xlZoumy0GPG0D0MVIQbNA1A=="
        },
        "prettier": {
            "version": "1.18.2",
            "resolved": "https://registry.npmjs.org/prettier/-/prettier-1.18.2.tgz",
            "integrity": "sha512-OeHeMc0JhFE9idD4ZdtNibzY0+TPHSpSSb9h8FqtP+YnoZZ1sl8Vc9b1sasjfymH3SonAF4QcA2+mzHPhMvIiw=="
        }
    }
}
